{
  "originHash" : "6544974b500a09332e909765d7c182af28ed6bf6fce513632e84b0c5533ded0d",
  "pins" : [
    {
      "identity" : "snapkit",
      "kind" : "remoteSourceControl",
      "location" : "https://github.com/SnapKit/SnapKit",
      "state" : {
        "revision" : "2842e6e84e82eb9a8dac0100ca90d9444b0307f4",
        "version" : "5.7.1"
      }
    },
    {
      "identity" : "swiftqrcodescanner",
      "kind" : "remoteSourceControl",
      "location" : "https://github.com/vinodiOS/SwiftQRCodeScanner",
      "state" : {
        "revision" : "fddcabcb431cd6110cea0394660082661dbafa7e",
        "version" : "1.16.0"
      }
    }
  ],
  "version" : 3
}
