// !$*UTF8*$!
{
	archiveVersion = 1;
	classes = {
	};
	objectVersion = 56;
	objects = {

/* Begin PBXBuildFile section */
		DA1AA8102BE51C2C001E0D50 /* CurrentOrdersViewController.swift in Sources */ = {isa = PBXBuildFile; fileRef = DA1AA80F2BE51C2C001E0D50 /* CurrentOrdersViewController.swift */; };
		DA1AA8122BE52136001E0D50 /* ItemListViewController+UICollectionViewDelegateFlowLayout.swift in Sources */ = {isa = PBXBuildFile; fileRef = DA1AA8112BE52136001E0D50 /* ItemListViewController+UICollectionViewDelegateFlowLayout.swift */; };
		DA1AA8142BE52433001E0D50 /* ItemListViewController+DataSource.swift in Sources */ = {isa = PBXBuildFile; fileRef = DA1AA8132BE52433001E0D50 /* ItemListViewController+DataSource.swift */; };
		DA1AA8162BE526D5001E0D50 /* ItemCell.swift in Sources */ = {isa = PBXBuildFile; fileRef = DA1AA8152BE526D5001E0D50 /* ItemCell.swift */; };
		DA1AA8262BE6B6D6001E0D50 /* Item+CoreDataClass.swift in Sources */ = {isa = PBXBuildFile; fileRef = DA1AA8242BE6B6D6001E0D50 /* Item+CoreDataClass.swift */; };
		DA1AA8272BE6B6D6001E0D50 /* Item+CoreDataProperties.swift in Sources */ = {isa = PBXBuildFile; fileRef = DA1AA8252BE6B6D6001E0D50 /* Item+CoreDataProperties.swift */; };
		DA8AD66A2BE136FA000947C5 /* AppDelegate.swift in Sources */ = {isa = PBXBuildFile; fileRef = DA8AD6692BE136FA000947C5 /* AppDelegate.swift */; };
		DA8AD66C2BE136FA000947C5 /* SceneDelegate.swift in Sources */ = {isa = PBXBuildFile; fileRef = DA8AD66B2BE136FA000947C5 /* SceneDelegate.swift */; };
		DA8AD66E2BE136FA000947C5 /* ItemListViewController.swift in Sources */ = {isa = PBXBuildFile; fileRef = DA8AD66D2BE136FA000947C5 /* ItemListViewController.swift */; };
		DA8AD6742BE136FA000947C5 /* Kursach.xcdatamodeld in Sources */ = {isa = PBXBuildFile; fileRef = DA8AD6722BE136FA000947C5 /* Kursach.xcdatamodeld */; };
		DA8AD6762BE136FB000947C5 /* Assets.xcassets in Resources */ = {isa = PBXBuildFile; fileRef = DA8AD6752BE136FB000947C5 /* Assets.xcassets */; };
		DA8AD6792BE136FB000947C5 /* Base in Resources */ = {isa = PBXBuildFile; fileRef = DA8AD6782BE136FB000947C5 /* Base */; };
		DA8AD6822BE137AC000947C5 /* SnapKit in Frameworks */ = {isa = PBXBuildFile; productRef = DA8AD6812BE137AC000947C5 /* SnapKit */; };
		DA8AD6842BE23B80000947C5 /* WarehouseTabBarController.swift in Sources */ = {isa = PBXBuildFile; fileRef = DA8AD6832BE23B80000947C5 /* WarehouseTabBarController.swift */; };
		DA8AD6862BE26BAD000947C5 /* ScannerViewController.swift in Sources */ = {isa = PBXBuildFile; fileRef = DA8AD6852BE26BAD000947C5 /* ScannerViewController.swift */; };
		DAAE917B2BEBB63F00BFAA0B /* CategoryDatailViewController.swift in Sources */ = {isa = PBXBuildFile; fileRef = DAAE917A2BEBB63F00BFAA0B /* CategoryDatailViewController.swift */; };
		DAAE917D2BEBB6B400BFAA0B /* Product.swift in Sources */ = {isa = PBXBuildFile; fileRef = DAAE917C2BEBB6B400BFAA0B /* Product.swift */; };
		DAAE917F2BEBC5EC00BFAA0B /* ProductCell.swift in Sources */ = {isa = PBXBuildFile; fileRef = DAAE917E2BEBC5EC00BFAA0B /* ProductCell.swift */; };
		DAAE91862BEE5E2800BFAA0B /* WarehouseErrors.swift in Sources */ = {isa = PBXBuildFile; fileRef = DAAE91852BEE5E2800BFAA0B /* WarehouseErrors.swift */; };
		DAF64E912BEA7A0900E0B7CE /* ItemListViewController+CoreData.swift in Sources */ = {isa = PBXBuildFile; fileRef = DAF64E902BEA7A0900E0B7CE /* ItemListViewController+CoreData.swift */; };
		DAFC1D002BF0F49700643995 /* API.swift in Sources */ = {isa = PBXBuildFile; fileRef = DAFC1CFF2BF0F49700643995 /* API.swift */; };
		DAFC1D032BF0FB4200643995 /* HttpMethods.swift in Sources */ = {isa = PBXBuildFile; fileRef = DAFC1D022BF0FB4200643995 /* HttpMethods.swift */; };
		DAFC1D052BF0FB7F00643995 /* Routes.swift in Sources */ = {isa = PBXBuildFile; fileRef = DAFC1D042BF0FB7F00643995 /* Routes.swift */; };
		DAFC1D072BF0FBE600643995 /* DataRequest.swift in Sources */ = {isa = PBXBuildFile; fileRef = DAFC1D062BF0FBE600643995 /* DataRequest.swift */; };
		DAFC1D092BF0FC1D00643995 /* ApiConfig.swift in Sources */ = {isa = PBXBuildFile; fileRef = DAFC1D082BF0FC1D00643995 /* ApiConfig.swift */; };
		DAFC1D0B2BF0FC4B00643995 /* HTTPClient.swift in Sources */ = {isa = PBXBuildFile; fileRef = DAFC1D0A2BF0FC4B00643995 /* HTTPClient.swift */; };
		DAFC1D0D2BF0FC7800643995 /* ApiFetcher.swift in Sources */ = {isa = PBXBuildFile; fileRef = DAFC1D0C2BF0FC7800643995 /* ApiFetcher.swift */; };
		DAFC1D0F2BF1381A00643995 /* ViewController+Alert.swift in Sources */ = {isa = PBXBuildFile; fileRef = DAFC1D0E2BF1381A00643995 /* ViewController+Alert.swift */; };
		DAFC1D112BF13F5500643995 /* LoginViewController.swift in Sources */ = {isa = PBXBuildFile; fileRef = DAFC1D102BF13F5500643995 /* LoginViewController.swift */; };
		DAFC1D132BF22C0400643995 /* Credentials.swift in Sources */ = {isa = PBXBuildFile; fileRef = DAFC1D122BF22C0400643995 /* Credentials.swift */; };
		DAFC1D152BF22F7000643995 /* Employee.swift in Sources */ = {isa = PBXBuildFile; fileRef = DAFC1D142BF22F7000643995 /* Employee.swift */; };
/* End PBXBuildFile section */

/* Begin PBXFileReference section */
		DA1AA80F2BE51C2C001E0D50 /* CurrentOrdersViewController.swift */ = {isa = PBXFileReference; lastKnownFileType = sourcecode.swift; path = CurrentOrdersViewController.swift; sourceTree = "<group>"; };
		DA1AA8112BE52136001E0D50 /* ItemListViewController+UICollectionViewDelegateFlowLayout.swift */ = {isa = PBXFileReference; lastKnownFileType = sourcecode.swift; path = "ItemListViewController+UICollectionViewDelegateFlowLayout.swift"; sourceTree = "<group>"; };
		DA1AA8132BE52433001E0D50 /* ItemListViewController+DataSource.swift */ = {isa = PBXFileReference; lastKnownFileType = sourcecode.swift; path = "ItemListViewController+DataSource.swift"; sourceTree = "<group>"; };
		DA1AA8152BE526D5001E0D50 /* ItemCell.swift */ = {isa = PBXFileReference; lastKnownFileType = sourcecode.swift; path = ItemCell.swift; sourceTree = "<group>"; };
		DA1AA8242BE6B6D6001E0D50 /* Item+CoreDataClass.swift */ = {isa = PBXFileReference; lastKnownFileType = sourcecode.swift; path = "Item+CoreDataClass.swift"; sourceTree = "<group>"; };
		DA1AA8252BE6B6D6001E0D50 /* Item+CoreDataProperties.swift */ = {isa = PBXFileReference; lastKnownFileType = sourcecode.swift; path = "Item+CoreDataProperties.swift"; sourceTree = "<group>"; };
		DA8AD6662BE136FA000947C5 /* Kursach.app */ = {isa = PBXFileReference; explicitFileType = wrapper.application; includeInIndex = 0; path = Kursach.app; sourceTree = BUILT_PRODUCTS_DIR; };
		DA8AD6692BE136FA000947C5 /* AppDelegate.swift */ = {isa = PBXFileReference; lastKnownFileType = sourcecode.swift; path = AppDelegate.swift; sourceTree = "<group>"; };
		DA8AD66B2BE136FA000947C5 /* SceneDelegate.swift */ = {isa = PBXFileReference; lastKnownFileType = sourcecode.swift; path = SceneDelegate.swift; sourceTree = "<group>"; };
		DA8AD66D2BE136FA000947C5 /* ItemListViewController.swift */ = {isa = PBXFileReference; lastKnownFileType = sourcecode.swift; path = ItemListViewController.swift; sourceTree = "<group>"; };
		DA8AD6732BE136FA000947C5 /* Kursach.xcdatamodel */ = {isa = PBXFileReference; lastKnownFileType = wrapper.xcdatamodel; path = Kursach.xcdatamodel; sourceTree = "<group>"; };
		DA8AD6752BE136FB000947C5 /* Assets.xcassets */ = {isa = PBXFileReference; lastKnownFileType = folder.assetcatalog; path = Assets.xcassets; sourceTree = "<group>"; };
		DA8AD6782BE136FB000947C5 /* Base */ = {isa = PBXFileReference; lastKnownFileType = file.storyboard; name = Base; path = Base.lproj/LaunchScreen.storyboard; sourceTree = "<group>"; };
		DA8AD67A2BE136FB000947C5 /* Info.plist */ = {isa = PBXFileReference; lastKnownFileType = text.plist.xml; path = Info.plist; sourceTree = "<group>"; };
		DA8AD6832BE23B80000947C5 /* WarehouseTabBarController.swift */ = {isa = PBXFileReference; lastKnownFileType = sourcecode.swift; path = WarehouseTabBarController.swift; sourceTree = "<group>"; };
		DA8AD6852BE26BAD000947C5 /* ScannerViewController.swift */ = {isa = PBXFileReference; lastKnownFileType = sourcecode.swift; path = ScannerViewController.swift; sourceTree = "<group>"; };
		DAAE917A2BEBB63F00BFAA0B /* CategoryDatailViewController.swift */ = {isa = PBXFileReference; lastKnownFileType = sourcecode.swift; path = CategoryDatailViewController.swift; sourceTree = "<group>"; };
		DAAE917C2BEBB6B400BFAA0B /* Product.swift */ = {isa = PBXFileReference; lastKnownFileType = sourcecode.swift; path = Product.swift; sourceTree = "<group>"; };
		DAAE917E2BEBC5EC00BFAA0B /* ProductCell.swift */ = {isa = PBXFileReference; lastKnownFileType = sourcecode.swift; path = ProductCell.swift; sourceTree = "<group>"; };
		DAAE91852BEE5E2800BFAA0B /* WarehouseErrors.swift */ = {isa = PBXFileReference; lastKnownFileType = sourcecode.swift; path = WarehouseErrors.swift; sourceTree = "<group>"; };
		DAF64E902BEA7A0900E0B7CE /* ItemListViewController+CoreData.swift */ = {isa = PBXFileReference; lastKnownFileType = sourcecode.swift; path = "ItemListViewController+CoreData.swift"; sourceTree = "<group>"; };
		DAFC1CFF2BF0F49700643995 /* API.swift */ = {isa = PBXFileReference; lastKnownFileType = sourcecode.swift; path = API.swift; sourceTree = "<group>"; };
		DAFC1D022BF0FB4200643995 /* HttpMethods.swift */ = {isa = PBXFileReference; lastKnownFileType = sourcecode.swift; path = HttpMethods.swift; sourceTree = "<group>"; };
		DAFC1D042BF0FB7F00643995 /* Routes.swift */ = {isa = PBXFileReference; lastKnownFileType = sourcecode.swift; path = Routes.swift; sourceTree = "<group>"; };
		DAFC1D062BF0FBE600643995 /* DataRequest.swift */ = {isa = PBXFileReference; lastKnownFileType = sourcecode.swift; path = DataRequest.swift; sourceTree = "<group>"; };
		DAFC1D082BF0FC1D00643995 /* ApiConfig.swift */ = {isa = PBXFileReference; lastKnownFileType = sourcecode.swift; path = ApiConfig.swift; sourceTree = "<group>"; };
		DAFC1D0A2BF0FC4B00643995 /* HTTPClient.swift */ = {isa = PBXFileReference; lastKnownFileType = sourcecode.swift; path = HTTPClient.swift; sourceTree = "<group>"; };
		DAFC1D0C2BF0FC7800643995 /* ApiFetcher.swift */ = {isa = PBXFileReference; lastKnownFileType = sourcecode.swift; path = ApiFetcher.swift; sourceTree = "<group>"; };
		DAFC1D0E2BF1381A00643995 /* ViewController+Alert.swift */ = {isa = PBXFileReference; lastKnownFileType = sourcecode.swift; path = "ViewController+Alert.swift"; sourceTree = "<group>"; };
		DAFC1D102BF13F5500643995 /* LoginViewController.swift */ = {isa = PBXFileReference; lastKnownFileType = sourcecode.swift; path = LoginViewController.swift; sourceTree = "<group>"; };
		DAFC1D122BF22C0400643995 /* Credentials.swift */ = {isa = PBXFileReference; lastKnownFileType = sourcecode.swift; path = Credentials.swift; sourceTree = "<group>"; };
		DAFC1D142BF22F7000643995 /* Employee.swift */ = {isa = PBXFileReference; lastKnownFileType = sourcecode.swift; path = Employee.swift; sourceTree = "<group>"; };
/* End PBXFileReference section */

/* Begin PBXFrameworksBuildPhase section */
		DA8AD6632BE136FA000947C5 /* Frameworks */ = {
			isa = PBXFrameworksBuildPhase;
			buildActionMask = 2147483647;
			files = (
				DA8AD6822BE137AC000947C5 /* SnapKit in Frameworks */,
			);
			runOnlyForDeploymentPostprocessing = 0;
		};
/* End PBXFrameworksBuildPhase section */

/* Begin PBXGroup section */
		DA1AA8172BE52C0C001E0D50 /* ViewControllers */ = {
			isa = PBXGroup;
			children = (
				DAAE91802BEBCB7000BFAA0B /* ItemListViewController */,
				DA1AA80F2BE51C2C001E0D50 /* CurrentOrdersViewController.swift */,
				DA8AD6832BE23B80000947C5 /* WarehouseTabBarController.swift */,
				DA8AD6852BE26BAD000947C5 /* ScannerViewController.swift */,
				DAAE917A2BEBB63F00BFAA0B /* CategoryDatailViewController.swift */,
				DAFC1D102BF13F5500643995 /* LoginViewController.swift */,
			);
			path = ViewControllers;
			sourceTree = "<group>";
		};
		DA1AA8182BE52C27001E0D50 /* Models */ = {
			isa = PBXGroup;
			children = (
				DAFC1D012BF0FB1200643995 /* Network */,
				DA1AA8252BE6B6D6001E0D50 /* Item+CoreDataProperties.swift */,
				DA1AA8242BE6B6D6001E0D50 /* Item+CoreDataClass.swift */,
				DAAE917C2BEBB6B400BFAA0B /* Product.swift */,
				DAFC1D122BF22C0400643995 /* Credentials.swift */,
				DAFC1D142BF22F7000643995 /* Employee.swift */,
			);
			path = Models;
			sourceTree = "<group>";
		};
		DA1AA8192BE52C30001E0D50 /* Views */ = {
			isa = PBXGroup;
			children = (
				DA1AA8152BE526D5001E0D50 /* ItemCell.swift */,
				DAAE917E2BEBC5EC00BFAA0B /* ProductCell.swift */,
				DAFC1D0E2BF1381A00643995 /* ViewController+Alert.swift */,
			);
			path = Views;
			sourceTree = "<group>";
		};
		DA8AD65D2BE136FA000947C5 = {
			isa = PBXGroup;
			children = (
				DA8AD6682BE136FA000947C5 /* Kursach */,
				DA8AD6672BE136FA000947C5 /* Products */,
			);
			sourceTree = "<group>";
		};
		DA8AD6672BE136FA000947C5 /* Products */ = {
			isa = PBXGroup;
			children = (
				DA8AD6662BE136FA000947C5 /* Kursach.app */,
			);
			name = Products;
			sourceTree = "<group>";
		};
		DA8AD6682BE136FA000947C5 /* Kursach */ = {
			isa = PBXGroup;
			children = (
				DA1AA8192BE52C30001E0D50 /* Views */,
				DA1AA8182BE52C27001E0D50 /* Models */,
				DA1AA8172BE52C0C001E0D50 /* ViewControllers */,
				DA8AD6692BE136FA000947C5 /* AppDelegate.swift */,
				DA8AD66B2BE136FA000947C5 /* SceneDelegate.swift */,
				DA8AD6752BE136FB000947C5 /* Assets.xcassets */,
				DA8AD6772BE136FB000947C5 /* LaunchScreen.storyboard */,
				DA8AD67A2BE136FB000947C5 /* Info.plist */,
				DA8AD6722BE136FA000947C5 /* Kursach.xcdatamodeld */,
			);
			path = Kursach;
			sourceTree = "<group>";
		};
		DAAE91802BEBCB7000BFAA0B /* ItemListViewController */ = {
			isa = PBXGroup;
			children = (
				DA8AD66D2BE136FA000947C5 /* ItemListViewController.swift */,
				DA1AA8132BE52433001E0D50 /* ItemListViewController+DataSource.swift */,
				DAF64E902BEA7A0900E0B7CE /* ItemListViewController+CoreData.swift */,
				DA1AA8112BE52136001E0D50 /* ItemListViewController+UICollectionViewDelegateFlowLayout.swift */,
			);
			path = ItemListViewController;
			sourceTree = "<group>";
		};
		DAFC1D012BF0FB1200643995 /* Network */ = {
			isa = PBXGroup;
			children = (
				DAFC1D022BF0FB4200643995 /* HttpMethods.swift */,
				DAFC1D0C2BF0FC7800643995 /* ApiFetcher.swift */,
				DAFC1D062BF0FBE600643995 /* DataRequest.swift */,
				DAFC1D042BF0FB7F00643995 /* Routes.swift */,
				DAFC1D082BF0FC1D00643995 /* ApiConfig.swift */,
				DAFC1D0A2BF0FC4B00643995 /* HTTPClient.swift */,
				DAFC1CFF2BF0F49700643995 /* API.swift */,
				DAAE91852BEE5E2800BFAA0B /* WarehouseErrors.swift */,
			);
			path = Network;
			sourceTree = "<group>";
		};
/* End PBXGroup section */

/* Begin PBXNativeTarget section */
		DA8AD6652BE136FA000947C5 /* Kursach */ = {
			isa = PBXNativeTarget;
			buildConfigurationList = DA8AD67D2BE136FB000947C5 /* Build configuration list for PBXNativeTarget "Kursach" */;
			buildPhases = (
				DA8AD6622BE136FA000947C5 /* Sources */,
				DA8AD6632BE136FA000947C5 /* Frameworks */,
				DA8AD6642BE136FA000947C5 /* Resources */,
			);
			buildRules = (
			);
			dependencies = (
			);
			name = Kursach;
			packageProductDependencies = (
				DA8AD6812BE137AC000947C5 /* SnapKit */,
			);
			productName = Kursach;
			productReference = DA8AD6662BE136FA000947C5 /* Kursach.app */;
			productType = "com.apple.product-type.application";
		};
/* End PBXNativeTarget section */

/* Begin PBXProject section */
		DA8AD65E2BE136FA000947C5 /* Project object */ = {
			isa = PBXProject;
			attributes = {
				BuildIndependentTargetsInParallel = 1;
				LastSwiftUpdateCheck = 1530;
				LastUpgradeCheck = 1530;
				TargetAttributes = {
					DA8AD6652BE136FA000947C5 = {
						CreatedOnToolsVersion = 15.3;
					};
				};
			};
			buildConfigurationList = DA8AD6612BE136FA000947C5 /* Build configuration list for PBXProject "Kursach" */;
			compatibilityVersion = "Xcode 14.0";
			developmentRegion = en;
			hasScannedForEncodings = 0;
			knownRegions = (
				en,
				Base,
			);
			mainGroup = DA8AD65D2BE136FA000947C5;
			packageReferences = (
				DA8AD6802BE137AC000947C5 /* XCRemoteSwiftPackageReference "SnapKit" */,
			);
			productRefGroup = DA8AD6672BE136FA000947C5 /* Products */;
			projectDirPath = "";
			projectRoot = "";
			targets = (
				DA8AD6652BE136FA000947C5 /* Kursach */,
			);
		};
/* End PBXProject section */

/* Begin PBXResourcesBuildPhase section */
		DA8AD6642BE136FA000947C5 /* Resources */ = {
			isa = PBXResourcesBuildPhase;
			buildActionMask = 2147483647;
			files = (
				DA8AD6762BE136FB000947C5 /* Assets.xcassets in Resources */,
				DA8AD6792BE136FB000947C5 /* Base in Resources */,
			);
			runOnlyForDeploymentPostprocessing = 0;
		};
/* End PBXResourcesBuildPhase section */

/* Begin PBXSourcesBuildPhase section */
		DA8AD6622BE136FA000947C5 /* Sources */ = {
			isa = PBXSourcesBuildPhase;
			buildActionMask = 2147483647;
			files = (
				DAFC1D032BF0FB4200643995 /* HttpMethods.swift in Sources */,
				DAFC1D072BF0FBE600643995 /* DataRequest.swift in Sources */,
				DAFC1D052BF0FB7F00643995 /* Routes.swift in Sources */,
				DAFC1D0F2BF1381A00643995 /* ViewController+Alert.swift in Sources */,
				DA8AD66E2BE136FA000947C5 /* ItemListViewController.swift in Sources */,
				DAFC1D092BF0FC1D00643995 /* ApiConfig.swift in Sources */,
				DAFC1D002BF0F49700643995 /* API.swift in Sources */,
				DAFC1D0B2BF0FC4B00643995 /* HTTPClient.swift in Sources */,
				DAFC1D0D2BF0FC7800643995 /* ApiFetcher.swift in Sources */,
				DAAE917B2BEBB63F00BFAA0B /* CategoryDatailViewController.swift in Sources */,
				DAAE91862BEE5E2800BFAA0B /* WarehouseErrors.swift in Sources */,
				DAFC1D132BF22C0400643995 /* Credentials.swift in Sources */,
				DAAE917D2BEBB6B400BFAA0B /* Product.swift in Sources */,
				DAFC1D152BF22F7000643995 /* Employee.swift in Sources */,
				DA8AD6862BE26BAD000947C5 /* ScannerViewController.swift in Sources */,
				DA1AA8102BE51C2C001E0D50 /* CurrentOrdersViewController.swift in Sources */,
				DA8AD6742BE136FA000947C5 /* Kursach.xcdatamodeld in Sources */,
				DA1AA8162BE526D5001E0D50 /* ItemCell.swift in Sources */,
				DA8AD6842BE23B80000947C5 /* WarehouseTabBarController.swift in Sources */,
				DA1AA8142BE52433001E0D50 /* ItemListViewController+DataSource.swift in Sources */,
				DA1AA8262BE6B6D6001E0D50 /* Item+CoreDataClass.swift in Sources */,
				DA1AA8272BE6B6D6001E0D50 /* Item+CoreDataProperties.swift in Sources */,
				DA1AA8122BE52136001E0D50 /* ItemListViewController+UICollectionViewDelegateFlowLayout.swift in Sources */,
				DAF64E912BEA7A0900E0B7CE /* ItemListViewController+CoreData.swift in Sources */,
				DAAE917F2BEBC5EC00BFAA0B /* ProductCell.swift in Sources */,
				DA8AD66A2BE136FA000947C5 /* AppDelegate.swift in Sources */,
				DAFC1D112BF13F5500643995 /* LoginViewController.swift in Sources */,
				DA8AD66C2BE136FA000947C5 /* SceneDelegate.swift in Sources */,
			);
			runOnlyForDeploymentPostprocessing = 0;
		};
/* End PBXSourcesBuildPhase section */

/* Begin PBXVariantGroup section */
		DA8AD6772BE136FB000947C5 /* LaunchScreen.storyboard */ = {
			isa = PBXVariantGroup;
			children = (
				DA8AD6782BE136FB000947C5 /* Base */,
			);
			name = LaunchScreen.storyboard;
			sourceTree = "<group>";
		};
/* End PBXVariantGroup section */

/* Begin XCBuildConfiguration section */
		DA8AD67B2BE136FB000947C5 /* Debug */ = {
			isa = XCBuildConfiguration;
			buildSettings = {
				ALWAYS_SEARCH_USER_PATHS = NO;
				ASSETCATALOG_COMPILER_GENERATE_SWIFT_ASSET_SYMBOL_EXTENSIONS = YES;
				CLANG_ANALYZER_NONNULL = YES;
				CLANG_ANALYZER_NUMBER_OBJECT_CONVERSION = YES_AGGRESSIVE;
				CLANG_CXX_LANGUAGE_STANDARD = "gnu++20";
				CLANG_ENABLE_MODULES = YES;
				CLANG_ENABLE_OBJC_ARC = YES;
				CLANG_ENABLE_OBJC_WEAK = YES;
				CLANG_WARN_BLOCK_CAPTURE_AUTORELEASING = YES;
				CLANG_WARN_BOOL_CONVERSION = YES;
				CLANG_WARN_COMMA = YES;
				CLANG_WARN_CONSTANT_CONVERSION = YES;
				CLANG_WARN_DEPRECATED_OBJC_IMPLEMENTATIONS = YES;
				CLANG_WARN_DIRECT_OBJC_ISA_USAGE = YES_ERROR;
				CLANG_WARN_DOCUMENTATION_COMMENTS = YES;
				CLANG_WARN_EMPTY_BODY = YES;
				CLANG_WARN_ENUM_CONVERSION = YES;
				CLANG_WARN_INFINITE_RECURSION = YES;
				CLANG_WARN_INT_CONVERSION = YES;
				CLANG_WARN_NON_LITERAL_NULL_CONVERSION = YES;
				CLANG_WARN_OBJC_IMPLICIT_RETAIN_SELF = YES;
				CLANG_WARN_OBJC_LITERAL_CONVERSION = YES;
				CLANG_WARN_OBJC_ROOT_CLASS = YES_ERROR;
				CLANG_WARN_QUOTED_INCLUDE_IN_FRAMEWORK_HEADER = YES;
				CLANG_WARN_RANGE_LOOP_ANALYSIS = YES;
				CLANG_WARN_STRICT_PROTOTYPES = YES;
				CLANG_WARN_SUSPICIOUS_MOVE = YES;
				CLANG_WARN_UNGUARDED_AVAILABILITY = YES_AGGRESSIVE;
				CLANG_WARN_UNREACHABLE_CODE = YES;
				CLANG_WARN__DUPLICATE_METHOD_MATCH = YES;
				COPY_PHASE_STRIP = NO;
				DEBUG_INFORMATION_FORMAT = dwarf;
				ENABLE_STRICT_OBJC_MSGSEND = YES;
				ENABLE_TESTABILITY = YES;
				ENABLE_USER_SCRIPT_SANDBOXING = YES;
				GCC_C_LANGUAGE_STANDARD = gnu17;
				GCC_DYNAMIC_NO_PIC = NO;
				GCC_NO_COMMON_BLOCKS = YES;
				GCC_OPTIMIZATION_LEVEL = 0;
				GCC_PREPROCESSOR_DEFINITIONS = (
					"DEBUG=1",
					"$(inherited)",
				);
				GCC_WARN_64_TO_32_BIT_CONVERSION = YES;
				GCC_WARN_ABOUT_RETURN_TYPE = YES_ERROR;
				GCC_WARN_UNDECLARED_SELECTOR = YES;
				GCC_WARN_UNINITIALIZED_AUTOS = YES_AGGRESSIVE;
				GCC_WARN_UNUSED_FUNCTION = YES;
				GCC_WARN_UNUSED_VARIABLE = YES;
				IPHONEOS_DEPLOYMENT_TARGET = 17.4;
				LOCALIZATION_PREFERS_STRING_CATALOGS = YES;
				MTL_ENABLE_DEBUG_INFO = INCLUDE_SOURCE;
				MTL_FAST_MATH = YES;
				ONLY_ACTIVE_ARCH = YES;
				SDKROOT = iphoneos;
				SWIFT_ACTIVE_COMPILATION_CONDITIONS = "DEBUG $(inherited)";
				SWIFT_OPTIMIZATION_LEVEL = "-Onone";
			};
			name = Debug;
		};
		DA8AD67C2BE136FB000947C5 /* Release */ = {
			isa = XCBuildConfiguration;
			buildSettings = {
				ALWAYS_SEARCH_USER_PATHS = NO;
				ASSETCATALOG_COMPILER_GENERATE_SWIFT_ASSET_SYMBOL_EXTENSIONS = YES;
				CLANG_ANALYZER_NONNULL = YES;
				CLANG_ANALYZER_NUMBER_OBJECT_CONVERSION = YES_AGGRESSIVE;
				CLANG_CXX_LANGUAGE_STANDARD = "gnu++20";
				CLANG_ENABLE_MODULES = YES;
				CLANG_ENABLE_OBJC_ARC = YES;
				CLANG_ENABLE_OBJC_WEAK = YES;
				CLANG_WARN_BLOCK_CAPTURE_AUTORELEASING = YES;
				CLANG_WARN_BOOL_CONVERSION = YES;
				CLANG_WARN_COMMA = YES;
				CLANG_WARN_CONSTANT_CONVERSION = YES;
				CLANG_WARN_DEPRECATED_OBJC_IMPLEMENTATIONS = YES;
				CLANG_WARN_DIRECT_OBJC_ISA_USAGE = YES_ERROR;
				CLANG_WARN_DOCUMENTATION_COMMENTS = YES;
				CLANG_WARN_EMPTY_BODY = YES;
				CLANG_WARN_ENUM_CONVERSION = YES;
				CLANG_WARN_INFINITE_RECURSION = YES;
				CLANG_WARN_INT_CONVERSION = YES;
				CLANG_WARN_NON_LITERAL_NULL_CONVERSION = YES;
				CLANG_WARN_OBJC_IMPLICIT_RETAIN_SELF = YES;
				CLANG_WARN_OBJC_LITERAL_CONVERSION = YES;
				CLANG_WARN_OBJC_ROOT_CLASS = YES_ERROR;
				CLANG_WARN_QUOTED_INCLUDE_IN_FRAMEWORK_HEADER = YES;
				CLANG_WARN_RANGE_LOOP_ANALYSIS = YES;
				CLANG_WARN_STRICT_PROTOTYPES = YES;
				CLANG_WARN_SUSPICIOUS_MOVE = YES;
				CLANG_WARN_UNGUARDED_AVAILABILITY = YES_AGGRESSIVE;
				CLANG_WARN_UNREACHABLE_CODE = YES;
				CLANG_WARN__DUPLICATE_METHOD_MATCH = YES;
				COPY_PHASE_STRIP = NO;
				DEBUG_INFORMATION_FORMAT = "dwarf-with-dsym";
				ENABLE_NS_ASSERTIONS = NO;
				ENABLE_STRICT_OBJC_MSGSEND = YES;
				ENABLE_USER_SCRIPT_SANDBOXING = YES;
				GCC_C_LANGUAGE_STANDARD = gnu17;
				GCC_NO_COMMON_BLOCKS = YES;
				GCC_WARN_64_TO_32_BIT_CONVERSION = YES;
				GCC_WARN_ABOUT_RETURN_TYPE = YES_ERROR;
				GCC_WARN_UNDECLARED_SELECTOR = YES;
				GCC_WARN_UNINITIALIZED_AUTOS = YES_AGGRESSIVE;
				GCC_WARN_UNUSED_FUNCTION = YES;
				GCC_WARN_UNUSED_VARIABLE = YES;
				IPHONEOS_DEPLOYMENT_TARGET = 17.4;
				LOCALIZATION_PREFERS_STRING_CATALOGS = YES;
				MTL_ENABLE_DEBUG_INFO = NO;
				MTL_FAST_MATH = YES;
				SDKROOT = iphoneos;
				SWIFT_COMPILATION_MODE = wholemodule;
				VALIDATE_PRODUCT = YES;
			};
			name = Release;
		};
		DA8AD67E2BE136FB000947C5 /* Debug */ = {
			isa = XCBuildConfiguration;
			buildSettings = {
				ASSETCATALOG_COMPILER_APPICON_NAME = AppIcon;
				ASSETCATALOG_COMPILER_GLOBAL_ACCENT_COLOR_NAME = AccentColor;
				CODE_SIGN_STYLE = Automatic;
				CURRENT_PROJECT_VERSION = 1;
				DEVELOPMENT_TEAM = BG8CHM22AC;
				GENERATE_INFOPLIST_FILE = YES;
				INFOPLIST_FILE = Kursach/Info.plist;
				INFOPLIST_KEY_UIApplicationSupportsIndirectInputEvents = YES;
				INFOPLIST_KEY_UILaunchStoryboardName = LaunchScreen;
				INFOPLIST_KEY_UISupportedInterfaceOrientations = UIInterfaceOrientationPortrait;
				INFOPLIST_KEY_UISupportedInterfaceOrientations_iPad = "UIInterfaceOrientationLandscapeLeft UIInterfaceOrientationLandscapeRight UIInterfaceOrientationPortrait UIInterfaceOrientationPortraitUpsideDown";
				LD_RUNPATH_SEARCH_PATHS = (
					"$(inherited)",
					"@executable_path/Frameworks",
				);
				MARKETING_VERSION = 1.0;
				PRODUCT_BUNDLE_IDENTIFIER = com.Awakenone1.Kursach;
				PRODUCT_NAME = "$(TARGET_NAME)";
				SWIFT_EMIT_LOC_STRINGS = YES;
				SWIFT_VERSION = 5.0;
				TARGETED_DEVICE_FAMILY = "1,2";
			};
			name = Debug;
		};
		DA8AD67F2BE136FB000947C5 /* Release */ = {
			isa = XCBuildConfiguration;
			buildSettings = {
				ASSETCATALOG_COMPILER_APPICON_NAME = AppIcon;
				ASSETCATALOG_COMPILER_GLOBAL_ACCENT_COLOR_NAME = AccentColor;
				CODE_SIGN_STYLE = Automatic;
				CURRENT_PROJECT_VERSION = 1;
				DEVELOPMENT_TEAM = BG8CHM22AC;
				GENERATE_INFOPLIST_FILE = YES;
				INFOPLIST_FILE = Kursach/Info.plist;
				INFOPLIST_KEY_UIApplicationSupportsIndirectInputEvents = YES;
				INFOPLIST_KEY_UILaunchStoryboardName = LaunchScreen;
				INFOPLIST_KEY_UISupportedInterfaceOrientations = UIInterfaceOrientationPortrait;
				INFOPLIST_KEY_UISupportedInterfaceOrientations_iPad = "UIInterfaceOrientationLandscapeLeft UIInterfaceOrientationLandscapeRight UIInterfaceOrientationPortrait UIInterfaceOrientationPortraitUpsideDown";
				LD_RUNPATH_SEARCH_PATHS = (
					"$(inherited)",
					"@executable_path/Frameworks",
				);
				MARKETING_VERSION = 1.0;
				PRODUCT_BUNDLE_IDENTIFIER = com.Awakenone1.Kursach;
				PRODUCT_NAME = "$(TARGET_NAME)";
				SWIFT_EMIT_LOC_STRINGS = YES;
				SWIFT_VERSION = 5.0;
				TARGETED_DEVICE_FAMILY = "1,2";
			};
			name = Release;
		};
/* End XCBuildConfiguration section */

/* Begin XCConfigurationList section */
		DA8AD6612BE136FA000947C5 /* Build configuration list for PBXProject "Kursach" */ = {
			isa = XCConfigurationList;
			buildConfigurations = (
				DA8AD67B2BE136FB000947C5 /* Debug */,
				DA8AD67C2BE136FB000947C5 /* Release */,
			);
			defaultConfigurationIsVisible = 0;
			defaultConfigurationName = Release;
		};
		DA8AD67D2BE136FB000947C5 /* Build configuration list for PBXNativeTarget "Kursach" */ = {
			isa = XCConfigurationList;
			buildConfigurations = (
				DA8AD67E2BE136FB000947C5 /* Debug */,
				DA8AD67F2BE136FB000947C5 /* Release */,
			);
			defaultConfigurationIsVisible = 0;
			defaultConfigurationName = Release;
		};
/* End XCConfigurationList section */

/* Begin XCRemoteSwiftPackageReference section */
		DA8AD6802BE137AC000947C5 /* XCRemoteSwiftPackageReference "SnapKit" */ = {
			isa = XCRemoteSwiftPackageReference;
			repositoryURL = "https://github.com/SnapKit/SnapKit";
			requirement = {
				kind = upToNextMajorVersion;
				minimumVersion = 5.7.1;
			};
		};
/* End XCRemoteSwiftPackageReference section */

/* Begin XCSwiftPackageProductDependency section */
		DA8AD6812BE137AC000947C5 /* SnapKit */ = {
			isa = XCSwiftPackageProductDependency;
			package = DA8AD6802BE137AC000947C5 /* XCRemoteSwiftPackageReference "SnapKit" */;
			productName = SnapKit;
		};
/* End XCSwiftPackageProductDependency section */

/* Begin XCVersionGroup section */
		DA8AD6722BE136FA000947C5 /* Kursach.xcdatamodeld */ = {
			isa = XCVersionGroup;
			children = (
				DA8AD6732BE136FA000947C5 /* Kursach.xcdatamodel */,
			);
			currentVersion = DA8AD6732BE136FA000947C5 /* Kursach.xcdatamodel */;
			path = Kursach.xcdatamodeld;
			sourceTree = "<group>";
			versionGroupType = wrapper.xcdatamodel;
		};
/* End XCVersionGroup section */
	};
	rootObject = DA8AD65E2BE136FA000947C5 /* Project object */;
}
